// !$*UTF8*$!
{
	archiveVersion = 1;
	classes = {
	};
	objectVersion = 55;
	objects = {

/* Begin PBXBuildFile section */
		573B9ADE2906D76800F3B5E9 /* Notes WatchKit App.app in Embed Watch Content */ = {isa = PBXBuildFile; fileRef = 573B9ADD2906D76800F3B5E9 /* Notes WatchKit App.app */; settings = {ATTRIBUTES = (RemoveHeadersOnCopy, ); }; };
		573B9AE32906D76A00F3B5E9 /* Assets.xcassets in Resources */ = {isa = PBXBuildFile; fileRef = 573B9AE22906D76A00F3B5E9 /* Assets.xcassets */; };
		573B9AE92906D76A00F3B5E9 /* Notes WatchKit Extension.appex in Embed App Extensions */ = {isa = PBXBuildFile; fileRef = 573B9AE82906D76A00F3B5E9 /* Notes WatchKit Extension.appex */; settings = {ATTRIBUTES = (RemoveHeadersOnCopy, ); }; };
		573B9AEE2906D76A00F3B5E9 /* ContentView.swift in Sources */ = {isa = PBXBuildFile; fileRef = 573B9AED2906D76A00F3B5E9 /* ContentView.swift */; };
		573B9AF02906D76A00F3B5E9 /* NotesApp.swift in Sources */ = {isa = PBXBuildFile; fileRef = 573B9AEF2906D76A00F3B5E9 /* NotesApp.swift */; };
		573B9AF22906D76A00F3B5E9 /* ComplicationController.swift in Sources */ = {isa = PBXBuildFile; fileRef = 573B9AF12906D76A00F3B5E9 /* ComplicationController.swift */; };
		573B9AF42906D76C00F3B5E9 /* Assets.xcassets in Resources */ = {isa = PBXBuildFile; fileRef = 573B9AF32906D76C00F3B5E9 /* Assets.xcassets */; };
		573B9AF72906D76C00F3B5E9 /* Preview Assets.xcassets in Resources */ = {isa = PBXBuildFile; fileRef = 573B9AF62906D76C00F3B5E9 /* Preview Assets.xcassets */; };
		573B9B092906D88D00F3B5E9 /* Note.swift in Sources */ = {isa = PBXBuildFile; fileRef = 573B9B082906D88D00F3B5E9 /* Note.swift */; };
		573B9B0B2906E00E00F3B5E9 /* DetailView.swift in Sources */ = {isa = PBXBuildFile; fileRef = 573B9B0A2906E00E00F3B5E9 /* DetailView.swift */; };
		573B9B0D2906E1D600F3B5E9 /* CreditsView.swift in Sources */ = {isa = PBXBuildFile; fileRef = 573B9B0C2906E1D600F3B5E9 /* CreditsView.swift */; };
		573B9B102906E21300F3B5E9 /* HeaderView.swift in Sources */ = {isa = PBXBuildFile; fileRef = 573B9B0F2906E21300F3B5E9 /* HeaderView.swift */; };
		5760B57F2906E8A400C44CF4 /* SettingsView.swift in Sources */ = {isa = PBXBuildFile; fileRef = 5760B57E2906E8A400C44CF4 /* SettingsView.swift */; };
/* End PBXBuildFile section */

/* Begin PBXContainerItemProxy section */
		573B9ADF2906D76800F3B5E9 /* PBXContainerItemProxy */ = {
			isa = PBXContainerItemProxy;
			containerPortal = 573B9AD32906D76800F3B5E9 /* Project object */;
			proxyType = 1;
			remoteGlobalIDString = 573B9ADC2906D76800F3B5E9;
			remoteInfo = "Notes WatchKit App";
		};
		573B9AEA2906D76A00F3B5E9 /* PBXContainerItemProxy */ = {
			isa = PBXContainerItemProxy;
			containerPortal = 573B9AD32906D76800F3B5E9 /* Project object */;
			proxyType = 1;
			remoteGlobalIDString = 573B9AE72906D76A00F3B5E9;
			remoteInfo = "Notes WatchKit Extension";
		};
/* End PBXContainerItemProxy section */

/* Begin PBXCopyFilesBuildPhase section */
		573B9AFE2906D76C00F3B5E9 /* Embed App Extensions */ = {
			isa = PBXCopyFilesBuildPhase;
			buildActionMask = 2147483647;
			dstPath = "";
			dstSubfolderSpec = 13;
			files = (
				573B9AE92906D76A00F3B5E9 /* Notes WatchKit Extension.appex in Embed App Extensions */,
			);
			name = "Embed App Extensions";
			runOnlyForDeploymentPostprocessing = 0;
		};
		573B9B022906D76C00F3B5E9 /* Embed Watch Content */ = {
			isa = PBXCopyFilesBuildPhase;
			buildActionMask = 2147483647;
			dstPath = "$(CONTENTS_FOLDER_PATH)/Watch";
			dstSubfolderSpec = 16;
			files = (
				573B9ADE2906D76800F3B5E9 /* Notes WatchKit App.app in Embed Watch Content */,
			);
			name = "Embed Watch Content";
			runOnlyForDeploymentPostprocessing = 0;
		};
/* End PBXCopyFilesBuildPhase section */

/* Begin PBXFileReference section */
		573B9AD92906D76800F3B5E9 /* Notes.app */ = {isa = PBXFileReference; explicitFileType = wrapper.application; includeInIndex = 0; path = Notes.app; sourceTree = BUILT_PRODUCTS_DIR; };
		573B9ADD2906D76800F3B5E9 /* Notes WatchKit App.app */ = {isa = PBXFileReference; explicitFileType = wrapper.application; includeInIndex = 0; path = "Notes WatchKit App.app"; sourceTree = BUILT_PRODUCTS_DIR; };
		573B9AE22906D76A00F3B5E9 /* Assets.xcassets */ = {isa = PBXFileReference; lastKnownFileType = folder.assetcatalog; path = Assets.xcassets; sourceTree = "<group>"; };
		573B9AE82906D76A00F3B5E9 /* Notes WatchKit Extension.appex */ = {isa = PBXFileReference; explicitFileType = "wrapper.app-extension"; includeInIndex = 0; path = "Notes WatchKit Extension.appex"; sourceTree = BUILT_PRODUCTS_DIR; };
		573B9AED2906D76A00F3B5E9 /* ContentView.swift */ = {isa = PBXFileReference; lastKnownFileType = sourcecode.swift; path = ContentView.swift; sourceTree = "<group>"; };
		573B9AEF2906D76A00F3B5E9 /* NotesApp.swift */ = {isa = PBXFileReference; lastKnownFileType = sourcecode.swift; path = NotesApp.swift; sourceTree = "<group>"; };
		573B9AF12906D76A00F3B5E9 /* ComplicationController.swift */ = {isa = PBXFileReference; lastKnownFileType = sourcecode.swift; path = ComplicationController.swift; sourceTree = "<group>"; };
		573B9AF32906D76C00F3B5E9 /* Assets.xcassets */ = {isa = PBXFileReference; lastKnownFileType = folder.assetcatalog; path = Assets.xcassets; sourceTree = "<group>"; };
		573B9AF62906D76C00F3B5E9 /* Preview Assets.xcassets */ = {isa = PBXFileReference; lastKnownFileType = folder.assetcatalog; path = "Preview Assets.xcassets"; sourceTree = "<group>"; };
		573B9AF82906D76C00F3B5E9 /* Info.plist */ = {isa = PBXFileReference; lastKnownFileType = text.plist.xml; path = Info.plist; sourceTree = "<group>"; };
		573B9B082906D88D00F3B5E9 /* Note.swift */ = {isa = PBXFileReference; lastKnownFileType = sourcecode.swift; path = Note.swift; sourceTree = "<group>"; };
		573B9B0A2906E00E00F3B5E9 /* DetailView.swift */ = {isa = PBXFileReference; lastKnownFileType = sourcecode.swift; path = DetailView.swift; sourceTree = "<group>"; };
		573B9B0C2906E1D600F3B5E9 /* CreditsView.swift */ = {isa = PBXFileReference; lastKnownFileType = sourcecode.swift; path = CreditsView.swift; sourceTree = "<group>"; };
		573B9B0F2906E21300F3B5E9 /* HeaderView.swift */ = {isa = PBXFileReference; lastKnownFileType = sourcecode.swift; path = HeaderView.swift; sourceTree = "<group>"; };
		5760B57E2906E8A400C44CF4 /* SettingsView.swift */ = {isa = PBXFileReference; lastKnownFileType = sourcecode.swift; path = SettingsView.swift; sourceTree = "<group>"; };
/* End PBXFileReference section */

/* Begin PBXFrameworksBuildPhase section */
		573B9AE52906D76A00F3B5E9 /* Frameworks */ = {
			isa = PBXFrameworksBuildPhase;
			buildActionMask = 2147483647;
			files = (
			);
			runOnlyForDeploymentPostprocessing = 0;
		};
/* End PBXFrameworksBuildPhase section */

/* Begin PBXGroup section */
		573B9AD22906D76800F3B5E9 = {
			isa = PBXGroup;
			children = (
				573B9AE12906D76800F3B5E9 /* Notes WatchKit App */,
				573B9AEC2906D76A00F3B5E9 /* Notes WatchKit Extension */,
				573B9ADA2906D76800F3B5E9 /* Products */,
			);
			sourceTree = "<group>";
		};
		573B9ADA2906D76800F3B5E9 /* Products */ = {
			isa = PBXGroup;
			children = (
				573B9AD92906D76800F3B5E9 /* Notes.app */,
				573B9ADD2906D76800F3B5E9 /* Notes WatchKit App.app */,
				573B9AE82906D76A00F3B5E9 /* Notes WatchKit Extension.appex */,
			);
			name = Products;
			sourceTree = "<group>";
		};
		573B9AE12906D76800F3B5E9 /* Notes WatchKit App */ = {
			isa = PBXGroup;
			children = (
				573B9AE22906D76A00F3B5E9 /* Assets.xcassets */,
			);
			path = "Notes WatchKit App";
			sourceTree = "<group>";
		};
		573B9AEC2906D76A00F3B5E9 /* Notes WatchKit Extension */ = {
			isa = PBXGroup;
			children = (
				573B9B0E2906E20A00F3B5E9 /* Component */,
				573B9B072906D88100F3B5E9 /* Model */,
				573B9B062906D87500F3B5E9 /* View */,
				573B9AEF2906D76A00F3B5E9 /* NotesApp.swift */,
				573B9AF12906D76A00F3B5E9 /* ComplicationController.swift */,
				573B9AF32906D76C00F3B5E9 /* Assets.xcassets */,
				573B9AF82906D76C00F3B5E9 /* Info.plist */,
				573B9AF52906D76C00F3B5E9 /* Preview Content */,
			);
			path = "Notes WatchKit Extension";
			sourceTree = "<group>";
		};
		573B9AF52906D76C00F3B5E9 /* Preview Content */ = {
			isa = PBXGroup;
			children = (
				573B9AF62906D76C00F3B5E9 /* Preview Assets.xcassets */,
			);
			path = "Preview Content";
			sourceTree = "<group>";
		};
		573B9B062906D87500F3B5E9 /* View */ = {
			isa = PBXGroup;
			children = (
				573B9AED2906D76A00F3B5E9 /* ContentView.swift */,
				573B9B0A2906E00E00F3B5E9 /* DetailView.swift */,
				573B9B0C2906E1D600F3B5E9 /* CreditsView.swift */,
				5760B57E2906E8A400C44CF4 /* SettingsView.swift */,
			);
			path = View;
			sourceTree = "<group>";
		};
		573B9B072906D88100F3B5E9 /* Model */ = {
			isa = PBXGroup;
			children = (
				573B9B082906D88D00F3B5E9 /* Note.swift */,
			);
			path = Model;
			sourceTree = "<group>";
		};
		573B9B0E2906E20A00F3B5E9 /* Component */ = {
			isa = PBXGroup;
			children = (
				573B9B0F2906E21300F3B5E9 /* HeaderView.swift */,
			);
			path = Component;
			sourceTree = "<group>";
		};
/* End PBXGroup section */

/* Begin PBXNativeTarget section */
		573B9AD82906D76800F3B5E9 /* Notes */ = {
			isa = PBXNativeTarget;
			buildConfigurationList = 573B9B032906D76C00F3B5E9 /* Build configuration list for PBXNativeTarget "Notes" */;
			buildPhases = (
				573B9AD72906D76800F3B5E9 /* Resources */,
				573B9B022906D76C00F3B5E9 /* Embed Watch Content */,
			);
			buildRules = (
			);
			dependencies = (
				573B9AE02906D76800F3B5E9 /* PBXTargetDependency */,
			);
			name = Notes;
			productName = Notes;
			productReference = 573B9AD92906D76800F3B5E9 /* Notes.app */;
			productType = "com.apple.product-type.application.watchapp2-container";
		};
		573B9ADC2906D76800F3B5E9 /* Notes WatchKit App */ = {
			isa = PBXNativeTarget;
			buildConfigurationList = 573B9AFF2906D76C00F3B5E9 /* Build configuration list for PBXNativeTarget "Notes WatchKit App" */;
			buildPhases = (
				573B9ADB2906D76800F3B5E9 /* Resources */,
				573B9AFE2906D76C00F3B5E9 /* Embed App Extensions */,
			);
			buildRules = (
			);
			dependencies = (
				573B9AEB2906D76A00F3B5E9 /* PBXTargetDependency */,
			);
			name = "Notes WatchKit App";
			productName = "Notes WatchKit App";
			productReference = 573B9ADD2906D76800F3B5E9 /* Notes WatchKit App.app */;
			productType = "com.apple.product-type.application.watchapp2";
		};
		573B9AE72906D76A00F3B5E9 /* Notes WatchKit Extension */ = {
			isa = PBXNativeTarget;
			buildConfigurationList = 573B9AFB2906D76C00F3B5E9 /* Build configuration list for PBXNativeTarget "Notes WatchKit Extension" */;
			buildPhases = (
				573B9AE42906D76A00F3B5E9 /* Sources */,
				573B9AE52906D76A00F3B5E9 /* Frameworks */,
				573B9AE62906D76A00F3B5E9 /* Resources */,
			);
			buildRules = (
			);
			dependencies = (
			);
			name = "Notes WatchKit Extension";
			productName = "Notes WatchKit Extension";
			productReference = 573B9AE82906D76A00F3B5E9 /* Notes WatchKit Extension.appex */;
			productType = "com.apple.product-type.watchkit2-extension";
		};
/* End PBXNativeTarget section */

/* Begin PBXProject section */
		573B9AD32906D76800F3B5E9 /* Project object */ = {
			isa = PBXProject;
			attributes = {
				BuildIndependentTargetsInParallel = 1;
				LastSwiftUpdateCheck = 1340;
				LastUpgradeCheck = 1340;
				TargetAttributes = {
					573B9AD82906D76800F3B5E9 = {
						CreatedOnToolsVersion = 13.4;
					};
					573B9ADC2906D76800F3B5E9 = {
						CreatedOnToolsVersion = 13.4;
					};
					573B9AE72906D76A00F3B5E9 = {
						CreatedOnToolsVersion = 13.4;
					};
				};
			};
			buildConfigurationList = 573B9AD62906D76800F3B5E9 /* Build configuration list for PBXProject "Notes" */;
			compatibilityVersion = "Xcode 13.0";
			developmentRegion = en;
			hasScannedForEncodings = 0;
			knownRegions = (
				en,
				Base,
			);
			mainGroup = 573B9AD22906D76800F3B5E9;
			productRefGroup = 573B9ADA2906D76800F3B5E9 /* Products */;
			projectDirPath = "";
			projectRoot = "";
			targets = (
				573B9AD82906D76800F3B5E9 /* Notes */,
				573B9ADC2906D76800F3B5E9 /* Notes WatchKit App */,
				573B9AE72906D76A00F3B5E9 /* Notes WatchKit Extension */,
			);
		};
/* End PBXProject section */

/* Begin PBXResourcesBuildPhase section */
		573B9AD72906D76800F3B5E9 /* Resources */ = {
			isa = PBXResourcesBuildPhase;
			buildActionMask = 2147483647;
			files = (
			);
			runOnlyForDeploymentPostprocessing = 0;
		};
		573B9ADB2906D76800F3B5E9 /* Resources */ = {
			isa = PBXResourcesBuildPhase;
			buildActionMask = 2147483647;
			files = (
				573B9AE32906D76A00F3B5E9 /* Assets.xcassets in Resources */,
			);
			runOnlyForDeploymentPostprocessing = 0;
		};
		573B9AE62906D76A00F3B5E9 /* Resources */ = {
			isa = PBXResourcesBuildPhase;
			buildActionMask = 2147483647;
			files = (
				573B9AF72906D76C00F3B5E9 /* Preview Assets.xcassets in Resources */,
				573B9AF42906D76C00F3B5E9 /* Assets.xcassets in Resources */,
			);
			runOnlyForDeploymentPostprocessing = 0;
		};
/* End PBXResourcesBuildPhase section */

/* Begin PBXSourcesBuildPhase section */
		573B9AE42906D76A00F3B5E9 /* Sources */ = {
			isa = PBXSourcesBuildPhase;
			buildActionMask = 2147483647;
			files = (
				573B9AEE2906D76A00F3B5E9 /* ContentView.swift in Sources */,
				5760B57F2906E8A400C44CF4 /* SettingsView.swift in Sources */,
				573B9AF02906D76A00F3B5E9 /* NotesApp.swift in Sources */,
				573B9AF22906D76A00F3B5E9 /* ComplicationController.swift in Sources */,
				573B9B0D2906E1D600F3B5E9 /* CreditsView.swift in Sources */,
				573B9B0B2906E00E00F3B5E9 /* DetailView.swift in Sources */,
				573B9B092906D88D00F3B5E9 /* Note.swift in Sources */,
				573B9B102906E21300F3B5E9 /* HeaderView.swift in Sources */,
			);
			runOnlyForDeploymentPostprocessing = 0;
		};
/* End PBXSourcesBuildPhase section */

/* Begin PBXTargetDependency section */
		573B9AE02906D76800F3B5E9 /* PBXTargetDependency */ = {
			isa = PBXTargetDependency;
			target = 573B9ADC2906D76800F3B5E9 /* Notes WatchKit App */;
			targetProxy = 573B9ADF2906D76800F3B5E9 /* PBXContainerItemProxy */;
		};
		573B9AEB2906D76A00F3B5E9 /* PBXTargetDependency */ = {
			isa = PBXTargetDependency;
			target = 573B9AE72906D76A00F3B5E9 /* Notes WatchKit Extension */;
			targetProxy = 573B9AEA2906D76A00F3B5E9 /* PBXContainerItemProxy */;
		};
/* End PBXTargetDependency section */

/* Begin XCBuildConfiguration section */
		573B9AF92906D76C00F3B5E9 /* Debug */ = {
			isa = XCBuildConfiguration;
			buildSettings = {
				ALWAYS_SEARCH_USER_PATHS = NO;
				CLANG_ANALYZER_NONNULL = YES;
				CLANG_ANALYZER_NUMBER_OBJECT_CONVERSION = YES_AGGRESSIVE;
				CLANG_CXX_LANGUAGE_STANDARD = "gnu++17";
				CLANG_ENABLE_MODULES = YES;
				CLANG_ENABLE_OBJC_ARC = YES;
				CLANG_ENABLE_OBJC_WEAK = YES;
				CLANG_WARN_BLOCK_CAPTURE_AUTORELEASING = YES;
				CLANG_WARN_BOOL_CONVERSION = YES;
				CLANG_WARN_COMMA = YES;
				CLANG_WARN_CONSTANT_CONVERSION = YES;
				CLANG_WARN_DEPRECATED_OBJC_IMPLEMENTATIONS = YES;
				CLANG_WARN_DIRECT_OBJC_ISA_USAGE = YES_ERROR;
				CLANG_WARN_DOCUMENTATION_COMMENTS = YES;
				CLANG_WARN_EMPTY_BODY = YES;
				CLANG_WARN_ENUM_CONVERSION = YES;
				CLANG_WARN_INFINITE_RECURSION = YES;
				CLANG_WARN_INT_CONVERSION = YES;
				CLANG_WARN_NON_LITERAL_NULL_CONVERSION = YES;
				CLANG_WARN_OBJC_IMPLICIT_RETAIN_SELF = YES;
				CLANG_WARN_OBJC_LITERAL_CONVERSION = YES;
				CLANG_WARN_OBJC_ROOT_CLASS = YES_ERROR;
				CLANG_WARN_QUOTED_INCLUDE_IN_FRAMEWORK_HEADER = YES;
				CLANG_WARN_RANGE_LOOP_ANALYSIS = YES;
				CLANG_WARN_STRICT_PROTOTYPES = YES;
				CLANG_WARN_SUSPICIOUS_MOVE = YES;
				CLANG_WARN_UNGUARDED_AVAILABILITY = YES_AGGRESSIVE;
				CLANG_WARN_UNREACHABLE_CODE = YES;
				CLANG_WARN__DUPLICATE_METHOD_MATCH = YES;
				COPY_PHASE_STRIP = NO;
				DEBUG_INFORMATION_FORMAT = dwarf;
				ENABLE_STRICT_OBJC_MSGSEND = YES;
				ENABLE_TESTABILITY = YES;
				GCC_C_LANGUAGE_STANDARD = gnu11;
				GCC_DYNAMIC_NO_PIC = NO;
				GCC_NO_COMMON_BLOCKS = YES;
				GCC_OPTIMIZATION_LEVEL = 0;
				GCC_PREPROCESSOR_DEFINITIONS = (
					"DEBUG=1",
					"$(inherited)",
				);
				GCC_WARN_64_TO_32_BIT_CONVERSION = YES;
				GCC_WARN_ABOUT_RETURN_TYPE = YES_ERROR;
				GCC_WARN_UNDECLARED_SELECTOR = YES;
				GCC_WARN_UNINITIALIZED_AUTOS = YES_AGGRESSIVE;
				GCC_WARN_UNUSED_FUNCTION = YES;
				GCC_WARN_UNUSED_VARIABLE = YES;
				MTL_ENABLE_DEBUG_INFO = INCLUDE_SOURCE;
				MTL_FAST_MATH = YES;
				ONLY_ACTIVE_ARCH = YES;
				SDKROOT = iphoneos;
				SWIFT_ACTIVE_COMPILATION_CONDITIONS = DEBUG;
				SWIFT_OPTIMIZATION_LEVEL = "-Onone";
			};
			name = Debug;
		};
		573B9AFA2906D76C00F3B5E9 /* Release */ = {
			isa = XCBuildConfiguration;
			buildSettings = {
				ALWAYS_SEARCH_USER_PATHS = NO;
				CLANG_ANALYZER_NONNULL = YES;
				CLANG_ANALYZER_NUMBER_OBJECT_CONVERSION = YES_AGGRESSIVE;
				CLANG_CXX_LANGUAGE_STANDARD = "gnu++17";
				CLANG_ENABLE_MODULES = YES;
				CLANG_ENABLE_OBJC_ARC = YES;
				CLANG_ENABLE_OBJC_WEAK = YES;
				CLANG_WARN_BLOCK_CAPTURE_AUTORELEASING = YES;
				CLANG_WARN_BOOL_CONVERSION = YES;
				CLANG_WARN_COMMA = YES;
				CLANG_WARN_CONSTANT_CONVERSION = YES;
				CLANG_WARN_DEPRECATED_OBJC_IMPLEMENTATIONS = YES;
				CLANG_WARN_DIRECT_OBJC_ISA_USAGE = YES_ERROR;
				CLANG_WARN_DOCUMENTATION_COMMENTS = YES;
				CLANG_WARN_EMPTY_BODY = YES;
				CLANG_WARN_ENUM_CONVERSION = YES;
				CLANG_WARN_INFINITE_RECURSION = YES;
				CLANG_WARN_INT_CONVERSION = YES;
				CLANG_WARN_NON_LITERAL_NULL_CONVERSION = YES;
				CLANG_WARN_OBJC_IMPLICIT_RETAIN_SELF = YES;
				CLANG_WARN_OBJC_LITERAL_CONVERSION = YES;
				CLANG_WARN_OBJC_ROOT_CLASS = YES_ERROR;
				CLANG_WARN_QUOTED_INCLUDE_IN_FRAMEWORK_HEADER = YES;
				CLANG_WARN_RANGE_LOOP_ANALYSIS = YES;
				CLANG_WARN_STRICT_PROTOTYPES = YES;
				CLANG_WARN_SUSPICIOUS_MOVE = YES;
				CLANG_WARN_UNGUARDED_AVAILABILITY = YES_AGGRESSIVE;
				CLANG_WARN_UNREACHABLE_CODE = YES;
				CLANG_WARN__DUPLICATE_METHOD_MATCH = YES;
				COPY_PHASE_STRIP = NO;
				DEBUG_INFORMATION_FORMAT = "dwarf-with-dsym";
				ENABLE_NS_ASSERTIONS = NO;
				ENABLE_STRICT_OBJC_MSGSEND = YES;
				GCC_C_LANGUAGE_STANDARD = gnu11;
				GCC_NO_COMMON_BLOCKS = YES;
				GCC_WARN_64_TO_32_BIT_CONVERSION = YES;
				GCC_WARN_ABOUT_RETURN_TYPE = YES_ERROR;
				GCC_WARN_UNDECLARED_SELECTOR = YES;
				GCC_WARN_UNINITIALIZED_AUTOS = YES_AGGRESSIVE;
				GCC_WARN_UNUSED_FUNCTION = YES;
				GCC_WARN_UNUSED_VARIABLE = YES;
				MTL_ENABLE_DEBUG_INFO = NO;
				MTL_FAST_MATH = YES;
				SDKROOT = iphoneos;
				SWIFT_COMPILATION_MODE = wholemodule;
				SWIFT_OPTIMIZATION_LEVEL = "-O";
				VALIDATE_PRODUCT = YES;
			};
			name = Release;
		};
		573B9AFC2906D76C00F3B5E9 /* Debug */ = {
			isa = XCBuildConfiguration;
			buildSettings = {
				ASSETCATALOG_COMPILER_COMPLICATION_NAME = Complication;
				CODE_SIGN_STYLE = Automatic;
				CURRENT_PROJECT_VERSION = 1;
				DEVELOPMENT_ASSET_PATHS = "\"Notes WatchKit Extension/Preview Content\"";
				DEVELOPMENT_TEAM = DMF923GY8Z;
				ENABLE_PREVIEWS = YES;
				GENERATE_INFOPLIST_FILE = YES;
				INFOPLIST_FILE = "Notes WatchKit Extension/Info.plist";
				INFOPLIST_KEY_CFBundleDisplayName = "Notes WatchKit Extension";
				INFOPLIST_KEY_CLKComplicationPrincipalClass = "$(PRODUCT_MODULE_NAME).ComplicationController";
				INFOPLIST_KEY_NSHumanReadableCopyright = "";
				INFOPLIST_KEY_WKWatchOnly = YES;
				LD_RUNPATH_SEARCH_PATHS = (
					"$(inherited)",
					"@executable_path/Frameworks",
					"@executable_path/../../Frameworks",
				);
				MARKETING_VERSION = 1.0;
				PRODUCT_BUNDLE_IDENTIFIER = branco.marygimm.Notes.watchkitapp.watchkitextension;
				PRODUCT_NAME = "${TARGET_NAME}";
				SDKROOT = watchos;
				SKIP_INSTALL = YES;
				SWIFT_EMIT_LOC_STRINGS = YES;
				SWIFT_VERSION = 5.0;
				TARGETED_DEVICE_FAMILY = 4;
				WATCHOS_DEPLOYMENT_TARGET = 8.5;
			};
			name = Debug;
		};
		573B9AFD2906D76C00F3B5E9 /* Release */ = {
			isa = XCBuildConfiguration;
			buildSettings = {
				ASSETCATALOG_COMPILER_COMPLICATION_NAME = Complication;
				CODE_SIGN_STYLE = Automatic;
				CURRENT_PROJECT_VERSION = 1;
				DEVELOPMENT_ASSET_PATHS = "\"Notes WatchKit Extension/Preview Content\"";
				DEVELOPMENT_TEAM = DMF923GY8Z;
				ENABLE_PREVIEWS = YES;
				GENERATE_INFOPLIST_FILE = YES;
				INFOPLIST_FILE = "Notes WatchKit Extension/Info.plist";
				INFOPLIST_KEY_CFBundleDisplayName = "Notes WatchKit Extension";
				INFOPLIST_KEY_CLKComplicationPrincipalClass = "$(PRODUCT_MODULE_NAME).ComplicationController";
				INFOPLIST_KEY_NSHumanReadableCopyright = "";
				INFOPLIST_KEY_WKWatchOnly = YES;
				LD_RUNPATH_SEARCH_PATHS = (
					"$(inherited)",
					"@executable_path/Frameworks",
					"@executable_path/../../Frameworks",
				);
				MARKETING_VERSION = 1.0;
				PRODUCT_BUNDLE_IDENTIFIER = branco.marygimm.Notes.watchkitapp.watchkitextension;
				PRODUCT_NAME = "${TARGET_NAME}";
				SDKROOT = watchos;
				SKIP_INSTALL = YES;
				SWIFT_EMIT_LOC_STRINGS = YES;
				SWIFT_VERSION = 5.0;
				TARGETED_DEVICE_FAMILY = 4;
				WATCHOS_DEPLOYMENT_TARGET = 8.5;
			};
			name = Release;
		};
		573B9B002906D76C00F3B5E9 /* Debug */ = {
			isa = XCBuildConfiguration;
			buildSettings = {
				ALWAYS_EMBED_SWIFT_STANDARD_LIBRARIES = YES;
				ASSETCATALOG_COMPILER_APPICON_NAME = AppIcon;
				ASSETCATALOG_COMPILER_GLOBAL_ACCENT_COLOR_NAME = AccentColor;
				CODE_SIGN_STYLE = Automatic;
				CURRENT_PROJECT_VERSION = 1;
				DEVELOPMENT_TEAM = DMF923GY8Z;
				GENERATE_INFOPLIST_FILE = YES;
				IBSC_MODULE = Notes_WatchKit_Extension;
				INFOPLIST_KEY_CFBundleDisplayName = "Notes WatchKit App";
				INFOPLIST_KEY_UISupportedInterfaceOrientations = "UIInterfaceOrientationPortrait UIInterfaceOrientationPortraitUpsideDown";
				MARKETING_VERSION = 1.0;
				PRODUCT_BUNDLE_IDENTIFIER = branco.marygimm.Notes.watchkitapp;
				PRODUCT_NAME = "$(TARGET_NAME)";
				SDKROOT = watchos;
				SKIP_INSTALL = YES;
				SWIFT_EMIT_LOC_STRINGS = YES;
				SWIFT_VERSION = 5.0;
				TARGETED_DEVICE_FAMILY = 4;
				WATCHOS_DEPLOYMENT_TARGET = 8.5;
			};
			name = Debug;
		};
		573B9B012906D76C00F3B5E9 /* Release */ = {
			isa = XCBuildConfiguration;
			buildSettings = {
				ALWAYS_EMBED_SWIFT_STANDARD_LIBRARIES = YES;
				ASSETCATALOG_COMPILER_APPICON_NAME = AppIcon;
				ASSETCATALOG_COMPILER_GLOBAL_ACCENT_COLOR_NAME = AccentColor;
				CODE_SIGN_STYLE = Automatic;
				CURRENT_PROJECT_VERSION = 1;
				DEVELOPMENT_TEAM = DMF923GY8Z;
				GENERATE_INFOPLIST_FILE = YES;
				IBSC_MODULE = Notes_WatchKit_Extension;
				INFOPLIST_KEY_CFBundleDisplayName = "Notes WatchKit App";
				INFOPLIST_KEY_UISupportedInterfaceOrientations = "UIInterfaceOrientationPortrait UIInterfaceOrientationPortraitUpsideDown";
				MARKETING_VERSION = 1.0;
				PRODUCT_BUNDLE_IDENTIFIER = branco.marygimm.Notes.watchkitapp;
				PRODUCT_NAME = "$(TARGET_NAME)";
				SDKROOT = watchos;
				SKIP_INSTALL = YES;
				SWIFT_EMIT_LOC_STRINGS = YES;
				SWIFT_VERSION = 5.0;
				TARGETED_DEVICE_FAMILY = 4;
				WATCHOS_DEPLOYMENT_TARGET = 8.5;
			};
			name = Release;
		};
		573B9B042906D76C00F3B5E9 /* Debug */ = {
			isa = XCBuildConfiguration;
			buildSettings = {
				CODE_SIGN_STYLE = Automatic;
				CURRENT_PROJECT_VERSION = 1;
				DEVELOPMENT_TEAM = DMF923GY8Z;
				MARKETING_VERSION = 1.0;
				PRODUCT_BUNDLE_IDENTIFIER = branco.marygimm.Notes;
				PRODUCT_NAME = "$(TARGET_NAME)";
				SWIFT_VERSION = 5.0;
			};
			name = Debug;
		};
		573B9B052906D76C00F3B5E9 /* Release */ = {
			isa = XCBuildConfiguration;
			buildSettings = {
				CODE_SIGN_STYLE = Automatic;
				CURRENT_PROJECT_VERSION = 1;
				DEVELOPMENT_TEAM = DMF923GY8Z;
				MARKETING_VERSION = 1.0;
				PRODUCT_BUNDLE_IDENTIFIER = branco.marygimm.Notes;
				PRODUCT_NAME = "$(TARGET_NAME)";
				SWIFT_VERSION = 5.0;
			};
			name = Release;
		};
/* End XCBuildConfiguration section */

/* Begin XCConfigurationList section */
		573B9AD62906D76800F3B5E9 /* Build configuration list for PBXProject "Notes" */ = {
			isa = XCConfigurationList;
			buildConfigurations = (
				573B9AF92906D76C00F3B5E9 /* Debug */,
				573B9AFA2906D76C00F3B5E9 /* Release */,
			);
			defaultConfigurationIsVisible = 0;
			defaultConfigurationName = Release;
		};
		573B9AFB2906D76C00F3B5E9 /* Build configuration list for PBXNativeTarget "Notes WatchKit Extension" */ = {
			isa = XCConfigurationList;
			buildConfigurations = (
				573B9AFC2906D76C00F3B5E9 /* Debug */,
				573B9AFD2906D76C00F3B5E9 /* Release */,
			);
			defaultConfigurationIsVisible = 0;
			defaultConfigurationName = Release;
		};
		573B9AFF2906D76C00F3B5E9 /* Build configuration list for PBXNativeTarget "Notes WatchKit App" */ = {
			isa = XCConfigurationList;
			buildConfigurations = (
				573B9B002906D76C00F3B5E9 /* Debug */,
				573B9B012906D76C00F3B5E9 /* Release */,
			);
			defaultConfigurationIsVisible = 0;
			defaultConfigurationName = Release;
		};
		573B9B032906D76C00F3B5E9 /* Build configuration list for PBXNativeTarget "Notes" */ = {
			isa = XCConfigurationList;
			buildConfigurations = (
				573B9B042906D76C00F3B5E9 /* Debug */,
				573B9B052906D76C00F3B5E9 /* Release */,
			);
			defaultConfigurationIsVisible = 0;
			defaultConfigurationName = Release;
		};
/* End XCConfigurationList section */
	};
	rootObject = 573B9AD32906D76800F3B5E9 /* Project object */;
}
